PODS:
  - Alamofire (4.3.0)
  - JASON (3.1)
  - PromiseKit (4.1.7):
    - PromiseKit/Foundation (= 4.1.7)
    - PromiseKit/QuartzCore (= 4.1.7)
    - PromiseKit/UIKit (= 4.1.7)
  - PromiseKit/CorePromise (4.1.7)
  - PromiseKit/Foundation (4.1.7):
    - PromiseKit/CorePromise
  - PromiseKit/QuartzCore (4.1.7):
    - PromiseKit/CorePromise
  - PromiseKit/UIKit (4.1.7):
    - PromiseKit/CorePromise
  - Realm (2.4.2):
    - Realm/Headers (= 2.4.2)
  - Realm/Headers (2.4.2)
  - RealmSwift (2.4.2):
    - Realm (= 2.4.2)

DEPENDENCIES:
  - Alamofire
  - JASON
  - PromiseKit
  - RealmSwift

SPEC CHECKSUMS:
  Alamofire: 856a113053a7bc9cbe5d6367a555d773fc5cfef7
  JASON: c1204b01c9979eef35b6948ca939aac5e7bef081
  PromiseKit: 779f2e41faf62d854e7593026ddbcb0bb5c5002d
  Realm: d27b758e12d62a3371879a065d4c40aa212c5a54
  RealmSwift: 9556c0fe0f0cfecacfb755ae9e68ff379fc6bead

PODFILE CHECKSUM: d249a57648247560f74d0d7661fa05eb4ea3f03b

COCOAPODS: 1.1.1
